
Microsoft Visual Studio Solution File, Format Version 12.00
# Visual Studio 15
VisualStudioVersion = 15.0.27004.2009
MinimumVisualStudioVersion = 10.0.40219.1
Project("{FAE04EC0-301F-11D3-BF4B-00C04F79EFBC}") = "SpellCheck", "SpellCheck\SpellCheck.csproj", "{6D5E0752-9F30-413B-9D9C-6B65850606C7}"
EndProject
Project("{FAE04EC0-301F-11D3-BF4B-00C04F79EFBC}") = "SpellCheck.Tests", "SpellCheck.Tests\SpellCheck.Tests.csproj", "{68057238-23BD-470C-980F-C5DADDF62E4E}"
EndProject
Project("{9A19103F-16F7-4668-BE54-9A1E7A4F7556}") = "SpellCheckCore", "SpellCheckCore\SpellCheckCore.csproj", "{D1514D49-D36D-4EA9-ADC0-BA8E224A2AAA}"
EndProject
Project("{FAE04EC0-301F-11D3-BF4B-00C04F79EFBC}") = "SpellCheckCore.Tests", "SpellCheckCore.Tests\SpellCheckCore.Tests.csproj", "{D5E4A30D-24AB-4AFC-A41D-7989E9E1D65F}"
EndProject
Project("{FAE04EC0-301F-11D3-BF4B-00C04F79EFBC}") = "MsSpellCheckLib", "MsSpellCheckLib\MsSpellCheckLib.csproj", "{E316A827-99BB-4CD1-B800-D5D491BF54A6}"
EndProject
Global
	GlobalSection(SolutionConfigurationPlatforms) = preSolution
		Debug|Any CPU = Debug|Any CPU
		Release|Any CPU = Release|Any CPU
	EndGlobalSection
	GlobalSection(ProjectConfigurationPlatforms) = postSolution
		{6D5E0752-9F30-413B-9D9C-6B65850606C7}.Debug|Any CPU.ActiveCfg = Debug|Any CPU
		{6D5E0752-9F30-413B-9D9C-6B65850606C7}.Debug|Any CPU.Build.0 = Debug|Any CPU
		{6D5E0752-9F30-413B-9D9C-6B65850606C7}.Release|Any CPU.ActiveCfg = Release|Any CPU
		{6D5E0752-9F30-413B-9D9C-6B65850606C7}.Release|Any CPU.Build.0 = Release|Any CPU
		{68057238-23BD-470C-980F-C5DADDF62E4E}.Debug|Any CPU.ActiveCfg = Debug|Any CPU
		{68057238-23BD-470C-980F-C5DADDF62E4E}.Debug|Any CPU.Build.0 = Debug|Any CPU
		{68057238-23BD-470C-980F-C5DADDF62E4E}.Release|Any CPU.ActiveCfg = Release|Any CPU
		{68057238-23BD-470C-980F-C5DADDF62E4E}.Release|Any CPU.Build.0 = Release|Any CPU
		{D1514D49-D36D-4EA9-ADC0-BA8E224A2AAA}.Debug|Any CPU.ActiveCfg = Debug|Any CPU
		{D1514D49-D36D-4EA9-ADC0-BA8E224A2AAA}.Debug|Any CPU.Build.0 = Debug|Any CPU
		{D1514D49-D36D-4EA9-ADC0-BA8E224A2AAA}.Release|Any CPU.ActiveCfg = Release|Any CPU
		{D1514D49-D36D-4EA9-ADC0-BA8E224A2AAA}.Release|Any CPU.Build.0 = Release|Any CPU
		{D5E4A30D-24AB-4AFC-A41D-7989E9E1D65F}.Debug|Any CPU.ActiveCfg = Debug|Any CPU
		{D5E4A30D-24AB-4AFC-A41D-7989E9E1D65F}.Debug|Any CPU.Build.0 = Debug|Any CPU
		{D5E4A30D-24AB-4AFC-A41D-7989E9E1D65F}.Release|Any CPU.ActiveCfg = Release|Any CPU
		{D5E4A30D-24AB-4AFC-A41D-7989E9E1D65F}.Release|Any CPU.Build.0 = Release|Any CPU
		{E316A827-99BB-4CD1-B800-D5D491BF54A6}.Debug|Any CPU.ActiveCfg = Debug|Any CPU
		{E316A827-99BB-4CD1-B800-D5D491BF54A6}.Debug|Any CPU.Build.0 = Debug|Any CPU
		{E316A827-99BB-4CD1-B800-D5D491BF54A6}.Release|Any CPU.ActiveCfg = Release|Any CPU
		{E316A827-99BB-4CD1-B800-D5D491BF54A6}.Release|Any CPU.Build.0 = Release|Any CPU
	EndGlobalSection
	GlobalSection(SolutionProperties) = preSolution
		HideSolutionNode = FALSE
	EndGlobalSection
	GlobalSection(ExtensibilityGlobals) = postSolution
		SolutionGuid = {10AE0656-AF99-4ACD-B22E-44A95584B0CD}
	EndGlobalSection
EndGlobal
